
Microsoft Visual Studio Solution File, Format Version 12.00
# Visual Studio 15
VisualStudioVersion = 15.0.28307.1340
MinimumVisualStudioVersion = 10.0.40219.1
Project("{FAE04EC0-301F-11D3-BF4B-00C04F79EFBC}") = "WindowsFormsLogin_Magazin", "WindowsFormsLogin_Magazin.csproj", "{97F95532-E1AE-446B-B856-6380909A64A7}"
EndProject
Global
	GlobalSection(SolutionConfigurationPlatforms) = preSolution
		Debug|Any CPU = Debug|Any CPU
		Release|Any CPU = Release|Any CPU
	EndGlobalSection
	GlobalSection(ProjectConfigurationPlatforms) = postSolution
		{97F95532-E1AE-446B-B856-6380909A64A7}.Debug|Any CPU.ActiveCfg = Debug|Any CPU
		{97F95532-E1AE-446B-B856-6380909A64A7}.Debug|Any CPU.Build.0 = Debug|Any CPU
		{97F95532-E1AE-446B-B856-6380909A64A7}.Release|Any CPU.ActiveCfg = Release|Any CPU
		{97F95532-E1AE-446B-B856-6380909A64A7}.Release|Any CPU.Build.0 = Release|Any CPU
	EndGlobalSection
	GlobalSection(SolutionProperties) = preSolution
		HideSolutionNode = FALSE
	EndGlobalSection
	GlobalSection(ExtensibilityGlobals) = postSolution
		SolutionGuid = {9B8567DA-1518-4950-BDC3-9B09D57077D0}
	EndGlobalSection
EndGlobal
